
Microsoft Visual Studio Solution File, Format Version 12.00
# Visual Studio Version 17
VisualStudioVersion = 17.2.32630.192
MinimumVisualStudioVersion = 10.0.40219.1
Project("{FAE04EC0-301F-11D3-BF4B-00C04F79EFBC}") = "2DRPGMap", "2DRPGMap.csproj", "{22748D84-C1CA-4EB7-829B-8A3CBCCA1075}"
EndProject
Global
	GlobalSection(SolutionConfigurationPlatforms) = preSolution
		Debug|Any CPU = Debug|Any CPU
		Release|Any CPU = Release|Any CPU
	EndGlobalSection
	GlobalSection(ProjectConfigurationPlatforms) = postSolution
		{22748D84-C1CA-4EB7-829B-8A3CBCCA1075}.Debug|Any CPU.ActiveCfg = Debug|Any CPU
		{22748D84-C1CA-4EB7-829B-8A3CBCCA1075}.Debug|Any CPU.Build.0 = Debug|Any CPU
		{22748D84-C1CA-4EB7-829B-8A3CBCCA1075}.Release|Any CPU.ActiveCfg = Release|Any CPU
		{22748D84-C1CA-4EB7-829B-8A3CBCCA1075}.Release|Any CPU.Build.0 = Release|Any CPU
	EndGlobalSection
	GlobalSection(SolutionProperties) = preSolution
		HideSolutionNode = FALSE
	EndGlobalSection
	GlobalSection(ExtensibilityGlobals) = postSolution
		SolutionGuid = {DBC4F1F7-BBE1-4E2E-A76D-CC33CD1C8D60}
	EndGlobalSection
EndGlobal
